---
lockfileVersion: '9.0'

importers:

  .:
    configDependencies: {}
    packageManagerDependencies:
      pnpm:
        specifier: 12.5.1
        version: 12.5.1

packages:

  '@pnpm/exe.android-arm64@12.5.1':
    resolution: {integrity: sha512-6LGBmQuDzUmgpHSuy+haG0jrmkwFNa4EuShDZqK3cIBv4Wfb75CzjJmowkzr+iJg40vnBKMQ62t4Ko6mwsId7A==}
    cpu: [arm64]
    os: [android]

  '@pnpm/exe.android-x64@12.5.1':
    resolution: {integrity: sha512-091oCltP3Rx89yxL1Wh5rXkUXEyFzyxIzSHKRFDyDFlQkb8Ox8FaDcm+M8PNkMyqnLA+qeGOLzY7Rjj9izl1Ww==}
    cpu: [x64]
    os: [android]

  '@pnpm/exe.darwin-arm64@12.5.1':
    resolution: {integrity: sha512-r1vEMQPVjRexZMyL2HonxJoo3+nuB/+G+tg+f2PK6faRdXX1TDwevKXOxJAfqlPInTy6W/pm912+s+m0NcR4BQ==}
    cpu: [arm64]
    os: [darwin]

  '@pnpm/exe.darwin-x64@12.5.1':
    resolution: {integrity: sha512-YHwI1g2B+Y2cAEylOR31r781GWijdJL7Gy7TEn/ZpZ5v/Cuwp5/Pz0EFCgo0M2MKLafAbL/laUMGvOpAdnerAw==}
    cpu: [x64]
    os: [darwin]

  '@pnpm/exe.freebsd-x64@12.5.1':
    resolution: {integrity: sha512-sFUMHiYFs6q5syFwgaVppzhQSmqnXoJIz/YwTXIOXTDE76ndIpTRpDGAnBCBKjsaEBnqjJA/2l6hpJcNDNoMiA==}
    cpu: [x64]
    os: [freebsd]

  '@pnpm/exe.linux-arm64-musl@12.5.1':
    resolution: {integrity: sha512-zupuxYZBuBEGjUz805/4/Asq01UNziFADANt8yp+LdUjU9bbMa3xY78Bx1PsGDqBy7aiad4sdUMK8ZxH4n4gmQ==}
    cpu: [arm64]
    os: [linux]
    libc: [musl]

  '@pnpm/exe.linux-arm64@12.5.1':
    resolution: {integrity: sha512-6hbMWW2/eQo1b5wvQPe/ndLHVTH88Rav6N+ffD4/h6IuFMjWCgasFYYsFv0GrvpqREAx3SwmZSvli+0NFXqbxA==}
    cpu: [arm64]
    os: [linux]
    libc: [glibc]

  '@pnpm/exe.linux-ppc64@12.5.1':
    resolution: {integrity: sha512-Gg3maDzaE/ZFMV9HIx/BwMN0Y6QbEs13URfxmiYHtKjjLAs5wEQZRMUP87YNLYO7cNaEfbM8GRbS9vPosyD9Gw==}
    cpu: [ppc64]
    os: [linux]
    libc: [glibc]

  '@pnpm/exe.linux-riscv64@12.5.1':
    resolution: {integrity: sha512-6fgWxXYMBMsWQ8DAiRevscX4QZQjwh+FsyCj8ZOk8pMXvqeq84MqBLCmS6KckvnbdqJ+HlSVQ7fs/kd0ldwfhA==}
    cpu: [riscv64]
    os: [linux]
    libc: [glibc]

  '@pnpm/exe.linux-s390x@12.5.1':
    resolution: {integrity: sha512-nzMZruRvxDhEfYUhzu+7EmM39+82Dgagc/6hPFPqGqzXNGcIG0anuxbUxfeNtI64SHt91KuuYUmCB/inlM+Pag==}
    cpu: [s390x]
    os: [linux]
    libc: [glibc]

  '@pnpm/exe.linux-x64-musl@12.5.1':
    resolution: {integrity: sha512-kHCbegdTNHpzmPtUD4S5fqkVkqgdQR47spF9p2VPP3dIIkZl6Ytk8w0vhlAsAGgge8FmucfwX+vvPKgm0NtOCQ==}
    cpu: [x64]
    os: [linux]
    libc: [musl]

  '@pnpm/exe.linux-x64@12.5.1':
    resolution: {integrity: sha512-3PkUBYo5z4dgtlnTNIFj7QGpcDUAuqXz9WGVigPDCeccEnhGiRkWmA5102TmYJHtwJP3LfmE+ZF9PGeWhn8p9Q==}
    cpu: [x64]
    os: [linux]
    libc: [glibc]

  '@pnpm/exe.win32-arm64@12.5.1':
    resolution: {integrity: sha512-49NvjZIXHly56/PLoEDD7VphbO4N8dwMXoApElDFCpVGDNGeKlwlib1tXtnpTF6i2/XIsAj7GgatHB5KHXgBnA==}
    cpu: [arm64]
    os: [win32]

  '@pnpm/exe.win32-x64@12.5.1':
    resolution: {integrity: sha512-ePUmQFPAPJFNMwg1lelDx2PdjHqYRiF0yfg5e6qeDbPNOu97QNo557Ru/SxmCrmt8ydQWNuZXWpdEp019md5vw==}
    cpu: [x64]
    os: [win32]

  pnpm@12.5.1:
    resolution: {integrity: sha512-4/MFvHhKK8ifWtO2E4iJRw+ujSr182thIW7JHCw9ZAiXdfneOKrDMQROpA8kXLDVZmOS399lgk4ZB+9qLGLeXw==}
    engines: {node: '>=18.*'}
    hasBin: true

snapshots:

  '@pnpm/exe.android-arm64@12.5.1':
    optional: true

  '@pnpm/exe.android-x64@12.5.1':
    optional: true

  '@pnpm/exe.darwin-arm64@12.5.1':
    optional: true

  '@pnpm/exe.darwin-x64@12.5.1':
    optional: true

  '@pnpm/exe.freebsd-x64@12.5.1':
    optional: true

  '@pnpm/exe.linux-arm64-musl@12.5.1':
    optional: true

  '@pnpm/exe.linux-arm64@12.5.1':
    optional: true

  '@pnpm/exe.linux-ppc64@12.5.1':
    optional: true

  '@pnpm/exe.linux-riscv64@12.5.1':
    optional: true

  '@pnpm/exe.linux-s390x@12.5.1':
    optional: true

  '@pnpm/exe.linux-x64-musl@12.5.1':
    optional: true

  '@pnpm/exe.linux-x64@12.5.1':
    optional: true

  '@pnpm/exe.win32-arm64@12.5.1':
    optional: true

  '@pnpm/exe.win32-x64@12.5.1':
    optional: true

  pnpm@12.5.1:
    optionalDependencies:
      '@pnpm/exe.android-arm64': 12.5.1
      '@pnpm/exe.android-x64': 12.5.1
      '@pnpm/exe.darwin-arm64': 12.5.1
      '@pnpm/exe.darwin-x64': 12.5.1
      '@pnpm/exe.freebsd-x64': 12.5.1
      '@pnpm/exe.linux-arm64': 12.5.1
      '@pnpm/exe.linux-arm64-musl': 12.5.1
      '@pnpm/exe.linux-ppc64': 12.5.1
      '@pnpm/exe.linux-riscv64': 12.5.1
      '@pnpm/exe.linux-s390x': 12.5.1
      '@pnpm/exe.linux-x64': 12.5.1
      '@pnpm/exe.linux-x64-musl': 12.5.1
      '@pnpm/exe.win32-arm64': 12.5.1
      '@pnpm/exe.win32-x64': 12.5.1

---
lockfileVersion: '9.0'

settings:
  autoInstallPeers: true
  excludeLinksFromLockfile: false

importers:

  .:
    devDependencies:
      oxfmt:
        specifier: 0.69.0
        version: 0.69.0

packages:

  '@oxfmt/binding-android-arm-eabi@0.69.0':
    resolution: {integrity: sha512-bIHrwFuZ827RbGA0zWkdkFrVb740NSZpPDbTwjFcSXolQa1KT6ImSrVZa0qPsxCU/85RwV5hyQr5kp3/PiMeTw==}
    engines: {node: ^20.19.0 || >=22.12.0}
    cpu: [arm]
    os: [android]

  '@oxfmt/binding-android-arm64@0.69.0':
    resolution: {integrity: sha512-BM5syJZ9XR9Sbz3REnNtLalFs7aiKR+x3/srqGFIHBLZTQkD5/a7sw6HVFtlasHFDX1ihkCOxDcEAEzET3BiSg==}
    engines: {node: ^20.19.0 || >=22.12.0}
    cpu: [arm64]
    os: [android]

  '@oxfmt/binding-darwin-arm64@0.69.0':
    resolution: {integrity: sha512-7uJH/WbRuFVRUqsXZGIre2dGwItgDwECSW2TVaoNkKTTXnboBHhtmLXI5D0mEKXsYODrlO2ZU3RT4jb8cG8n1A==}
    engines: {node: ^20.19.0 || >=22.12.0}
    cpu: [arm64]
    os: [darwin]

  '@oxfmt/binding-darwin-x64@0.69.0':
    resolution: {integrity: sha512-/kOSIVMoFUXbeQsB8VhBZKsO6i1AqZh+sH1QUkUnOoGRfby+e2ra5fCSNmV67vn9lxmR3Cg+rTY7vLJY185oRQ==}
    engines: {node: ^20.19.0 || >=22.12.0}
    cpu: [x64]
    os: [darwin]

  '@oxfmt/binding-freebsd-x64@0.69.0':
    resolution: {integrity: sha512-3EGIXBj+v0lIfVjiIKjDc56ffYnxQo0A+olGIkSR+mLophxV3t6y3MLP6LViG5XJ3PbypwJH9rcFqCw2/Tqb5A==}
    engines: {node: ^20.19.0 || >=22.12.0}
    cpu: [x64]
    os: [freebsd]

  '@oxfmt/binding-linux-arm-gnueabihf@0.69.0':
    resolution: {integrity: sha512-WV6Jgx2ues5dr2zd5jWzVi3yx+4mZaN9dLniQKspAOsKJBJpDV6zuEOcJYF8agtPUn+mdevvC+zpPTzTXOpZiQ==}
    engines: {node: ^20.19.0 || >=22.12.0}
    cpu: [arm]
    os: [linux]

  '@oxfmt/binding-linux-arm-musleabihf@0.69.0':
    resolution: {integrity: sha512-BJFMJwp+/jdna4YAN/On8pxmuKQnRdABqgxgInaS3oAwfuipky+rRoOBkBPGsIMYYV1dVw98wDqcH6udJVwtDQ==}
    engines: {node: ^20.19.0 || >=22.12.0}
    cpu: [arm]
    os: [linux]

  '@oxfmt/binding-linux-arm64-gnu@0.69.0':
    resolution: {integrity: sha512-oxWok8rbE3yWa9ntpsADBunV4Y9soDMjKbqJm+GYbXRMPltatU/bowKZ3hjs+YNCoiNHawGwV5eS+AgR2Ym16A==}
    engines: {node: ^20.19.0 || >=22.12.0}
    cpu: [arm64]
    os: [linux]
    libc: [glibc]

  '@oxfmt/binding-linux-arm64-musl@0.69.0':
    resolution: {integrity: sha512-MGNA2QxtilH8MNLZo5ckxnJtwfW/fBI5bK0feg8WfZ8w2eKXYSVHw0E5GdOY+VHTHa1XjFh7kGrssLpEhVX6dA==}
    engines: {node: ^20.19.0 || >=22.12.0}
    cpu: [arm64]
    os: [linux]
    libc: [musl]

  '@oxfmt/binding-linux-ppc64-gnu@0.69.0':
    resolution: {integrity: sha512-YRDmLg1O1n8LZANRjDepdSfdsoha0XvvIt3gX6cfYbTa3YoIUSPFl3sEJJnXTPgQ0za+WfSjkD8oC5rQ2V2Kag==}
    engines: {node: ^20.19.0 || >=22.12.0}
    cpu: [ppc64]
    os: [linux]
    libc: [glibc]

  '@oxfmt/binding-linux-riscv64-gnu@0.69.0':
    resolution: {integrity: sha512-P/vma/Qr93GQpiuxXaIaAu7nnMH97ZT67PUp+mEmkQxtImfy4UXvUofRvVfevXzSPZFFFlATRlwR//7X2gHScw==}
    engines: {node: ^20.19.0 || >=22.12.0}
    cpu: [riscv64]
    os: [linux]
    libc: [glibc]

  '@oxfmt/binding-linux-riscv64-musl@0.69.0':
    resolution: {integrity: sha512-ab56dJoXzYaZvtxOai6buS25+ListSPIRh+tB8RnDfeKUAhH1GxlHJfLdz7fgu7r9c9HuVgf40fCeLV7VPC96Q==}
    engines: {node: ^20.19.0 || >=22.12.0}
    cpu: [riscv64]
    os: [linux]
    libc: [musl]

  '@oxfmt/binding-linux-s390x-gnu@0.69.0':
    resolution: {integrity: sha512-C/RlO4D+BgO0Dt0XI0iam5URonkhwBHVTkgmYaWF+ATWP2hTxEECv2buq/h7CHdyaVWKNPwud3A42SIPaXKOqw==}
    engines: {node: ^20.19.0 || >=22.12.0}
    cpu: [s390x]
    os: [linux]
    libc: [glibc]

  '@oxfmt/binding-linux-x64-gnu@0.69.0':
    resolution: {integrity: sha512-UKBbKP5Eyd7fyqINB4vx9rASdpZDxkGjs8Hoaq3MnCQaMx6pA5UboTBNqmkSTWNaMnfO9GW0a56DMXx01BlNTQ==}
    engines: {node: ^20.19.0 || >=22.12.0}
    cpu: [x64]
    os: [linux]
    libc: [glibc]

  '@oxfmt/binding-linux-x64-musl@0.69.0':
    resolution: {integrity: sha512-9FG+qAeWUKhW4Fyvm+Mc1pCudtghGie/Ya/Bp2K5P0RztPFjgkdpPWs6yBjO+QgvO9tpQnJoSF9CtK7yGdyolA==}
    engines: {node: ^20.19.0 || >=22.12.0}
    cpu: [x64]
    os: [linux]
    libc: [musl]

  '@oxfmt/binding-openharmony-arm64@0.69.0':
    resolution: {integrity: sha512-SOa7zPrzY5NWKHjUNLsMDLmFg5lZeSgnU3Rqw8DIlKq0kDafldb4PXUVgQnqTvv6/rrm4f3nOS0FJkR1yjdvpg==}
    engines: {node: ^20.19.0 || >=22.12.0}
    cpu: [arm64]
    os: [openharmony]

  '@oxfmt/binding-win32-arm64-msvc@0.69.0':
    resolution: {integrity: sha512-7MjttdjcmORfGfRLXWX1pB0czb6kD/7NK8I0yWgj0F5NLrgdqLIoWbHxDkkIfqcTv8/BE57Gx+V+gxIRmjqyqw==}
    engines: {node: ^20.19.0 || >=22.12.0}
    cpu: [arm64]
    os: [win32]

  '@oxfmt/binding-win32-ia32-msvc@0.69.0':
    resolution: {integrity: sha512-M14ymKbCmDAu4c/4L9fzTr8SYioqlKNlK9/2CPAEaCwuHRCFCb95ykHZrTVMAe6JL9raK7wtk8n3ZgWLggqMyg==}
    engines: {node: ^20.19.0 || >=22.12.0}
    cpu: [ia32]
    os: [win32]

  '@oxfmt/binding-win32-x64-msvc@0.69.0':
    resolution: {integrity: sha512-PNoUeaK9ZtoAIL2gOwpsn5cpUgDLUHwCxpdOcWe+r13PqENdpcbYYFJAsvkZnUrB+JN8Qc/M1Hr97gWXHOJcow==}
    engines: {node: ^20.19.0 || >=22.12.0}
    cpu: [x64]
    os: [win32]

  oxfmt@0.69.0:
    resolution: {integrity: sha512-RtJz7U1bf0cwboaXX/h5YW039DlrYVPToI/cLLOpGcvtajLilfK9PXz71EICtYxfvFh0GINexCv81ABPymPopA==}
    engines: {node: ^20.19.0 || >=22.12.0}
    hasBin: true
    peerDependencies:
      svelte: ^5.0.0
      vite-plus: '*'
    peerDependenciesMeta:
      svelte:
        optional: true
      vite-plus:
        optional: true

  tinypool@2.1.2:
    resolution: {integrity: sha512-9YodfrxS9g9IbFr/KOjE5bAeJ0p61n3bW6mqvy0jtoeKd1kTW1Cxm0oulm6KX2lyM9Gl6WIe8nEbY7LWv5ZJww==}
    engines: {node: ^20.0.0 || >=22.0.0}

snapshots:

  '@oxfmt/binding-android-arm-eabi@0.69.0':
    optional: true

  '@oxfmt/binding-android-arm64@0.69.0':
    optional: true

  '@oxfmt/binding-darwin-arm64@0.69.0':
    optional: true

  '@oxfmt/binding-darwin-x64@0.69.0':
    optional: true

  '@oxfmt/binding-freebsd-x64@0.69.0':
    optional: true

  '@oxfmt/binding-linux-arm-gnueabihf@0.69.0':
    optional: true

  '@oxfmt/binding-linux-arm-musleabihf@0.69.0':
    optional: true

  '@oxfmt/binding-linux-arm64-gnu@0.69.0':
    optional: true

  '@oxfmt/binding-linux-arm64-musl@0.69.0':
    optional: true

  '@oxfmt/binding-linux-ppc64-gnu@0.69.0':
    optional: true

  '@oxfmt/binding-linux-riscv64-gnu@0.69.0':
    optional: true

  '@oxfmt/binding-linux-riscv64-musl@0.69.0':
    optional: true

  '@oxfmt/binding-linux-s390x-gnu@0.69.0':
    optional: true

  '@oxfmt/binding-linux-x64-gnu@0.69.0':
    optional: true

  '@oxfmt/binding-linux-x64-musl@0.69.0':
    optional: true

  '@oxfmt/binding-openharmony-arm64@0.69.0':
    optional: true

  '@oxfmt/binding-win32-arm64-msvc@0.69.0':
    optional: true

  '@oxfmt/binding-win32-ia32-msvc@0.69.0':
    optional: true

  '@oxfmt/binding-win32-x64-msvc@0.69.0':
    optional: true

  oxfmt@0.69.0:
    dependencies:
      tinypool: 2.1.2
    optionalDependencies:
      '@oxfmt/binding-android-arm-eabi': 0.69.0
      '@oxfmt/binding-android-arm64': 0.69.0
      '@oxfmt/binding-darwin-arm64': 0.69.0
      '@oxfmt/binding-darwin-x64': 0.69.0
      '@oxfmt/binding-freebsd-x64': 0.69.0
      '@oxfmt/binding-linux-arm-gnueabihf': 0.69.0
      '@oxfmt/binding-linux-arm-musleabihf': 0.69.0
      '@oxfmt/binding-linux-arm64-gnu': 0.69.0
      '@oxfmt/binding-linux-arm64-musl': 0.69.0
      '@oxfmt/binding-linux-ppc64-gnu': 0.69.0
      '@oxfmt/binding-linux-riscv64-gnu': 0.69.0
      '@oxfmt/binding-linux-riscv64-musl': 0.69.0
      '@oxfmt/binding-linux-s390x-gnu': 0.69.0
      '@oxfmt/binding-linux-x64-gnu': 0.69.0
      '@oxfmt/binding-linux-x64-musl': 0.69.0
      '@oxfmt/binding-openharmony-arm64': 0.69.0
      '@oxfmt/binding-win32-arm64-msvc': 0.69.0
      '@oxfmt/binding-win32-ia32-msvc': 0.69.0
      '@oxfmt/binding-win32-x64-msvc': 0.69.0

  tinypool@2.1.2: {}
